
Microsoft Visual Studio Solution File, Format Version 12.00
# Visual Studio 15
VisualStudioVersion = 15.0.27004.2010
MinimumVisualStudioVersion = 10.0.40219.1
Project("{9A19103F-16F7-4668-BE54-9A1E7A4F7556}") = "Serviceable.Objects", "Serviceable.Objects\Serviceable.Objects.csproj", "{46A7AB18-5784-46A0-89C6-DFBCCE3AE6E6}"
EndProject
Project("{9A19103F-16F7-4668-BE54-9A1E7A4F7556}") = "Serviceable.Objects.Remote", "Serviceable.Objects.Remote\Serviceable.Objects.Remote.csproj", "{D560D552-B2F9-4EF9-9EF6-835FEB9BA3ED}"
EndProject
Project("{9A19103F-16F7-4668-BE54-9A1E7A4F7556}") = "Serviceable.Objects.Remote.Tests", "Serviceable.Objects.Remote.Tests\Serviceable.Objects.Remote.Tests.csproj", "{6BE9CE52-6453-4C6A-A42D-651AB811665A}"
EndProject
Project("{9A19103F-16F7-4668-BE54-9A1E7A4F7556}") = "Serviceable.Objects.Tests", "Serviceable.Objects.Tests\Serviceable.Objects.Tests.csproj", "{7B6A22CA-0021-4650-AA13-490153BE4F61}"
EndProject
Project("{2150E333-8FDC-42A3-9474-1A3956D46DE8}") = "Solution Items", "Solution Items", "{BDAF233B-5403-4460-A8B9-1D95631A753D}"
	ProjectSection(SolutionItems) = preProject
		LICENSE.md = LICENSE.md
		nuget.config = nuget.config
		readme.md = readme.md
		theory.md = theory.md
	EndProjectSection
EndProject
Project("{2150E333-8FDC-42A3-9474-1A3956D46DE8}") = "Examples", "Examples", "{329024E3-75C9-4731-BE6D-5314888E232B}"
EndProject
Project("{9A19103F-16F7-4668-BE54-9A1E7A4F7556}") = "TestHttpCompositionConsoleApp", "Examples\TestHttpCompositionConsoleApp\TestHttpCompositionConsoleApp.csproj", "{C71C8F9E-33B5-4E72-B202-74A58BE6C4BD}"
EndProject
Project("{9A19103F-16F7-4668-BE54-9A1E7A4F7556}") = "Serviceable.Objects.Instrumentation", "Serviceable.Objects.Instrumentation\Serviceable.Objects.Instrumentation.csproj", "{A7FB9BA5-9591-4A40-B0F6-3E7B62137D2A}"
EndProject
Project("{9A19103F-16F7-4668-BE54-9A1E7A4F7556}") = "Serviceable.Objects.IO", "Serviceable.Objects.IO\Serviceable.Objects.IO.csproj", "{349EED11-5DD9-4E95-8315-AA142CF74A14}"
EndProject
Project("{9A19103F-16F7-4668-BE54-9A1E7A4F7556}") = "Serviceable.Objects.Remote.MultiplePlatforms.Tests", "Serviceable.Objects.Remote.MultiplePlatforms.Tests\Serviceable.Objects.Remote.MultiplePlatforms.Tests.csproj", "{71799D72-F01C-40FB-A0BA-76432AB06174}"
	ProjectSection(ProjectDependencies) = postProject
		{D560D552-B2F9-4EF9-9EF6-835FEB9BA3ED} = {D560D552-B2F9-4EF9-9EF6-835FEB9BA3ED}
	EndProjectSection
EndProject
Global
	GlobalSection(SolutionConfigurationPlatforms) = preSolution
		Debug|Any CPU = Debug|Any CPU
		Debug|ARM = Debug|ARM
		Debug|x64 = Debug|x64
		Debug|x86 = Debug|x86
		Release|Any CPU = Release|Any CPU
		Release|ARM = Release|ARM
		Release|x64 = Release|x64
		Release|x86 = Release|x86
	EndGlobalSection
	GlobalSection(ProjectConfigurationPlatforms) = postSolution
		{46A7AB18-5784-46A0-89C6-DFBCCE3AE6E6}.Debug|Any CPU.ActiveCfg = Debug|Any CPU
		{46A7AB18-5784-46A0-89C6-DFBCCE3AE6E6}.Debug|Any CPU.Build.0 = Debug|Any CPU
		{46A7AB18-5784-46A0-89C6-DFBCCE3AE6E6}.Debug|ARM.ActiveCfg = Debug|Any CPU
		{46A7AB18-5784-46A0-89C6-DFBCCE3AE6E6}.Debug|ARM.Build.0 = Debug|Any CPU
		{46A7AB18-5784-46A0-89C6-DFBCCE3AE6E6}.Debug|x64.ActiveCfg = Debug|Any CPU
		{46A7AB18-5784-46A0-89C6-DFBCCE3AE6E6}.Debug|x64.Build.0 = Debug|Any CPU
		{46A7AB18-5784-46A0-89C6-DFBCCE3AE6E6}.Debug|x86.ActiveCfg = Debug|Any CPU
		{46A7AB18-5784-46A0-89C6-DFBCCE3AE6E6}.Debug|x86.Build.0 = Debug|Any CPU
		{46A7AB18-5784-46A0-89C6-DFBCCE3AE6E6}.Release|Any CPU.ActiveCfg = Release|Any CPU
		{46A7AB18-5784-46A0-89C6-DFBCCE3AE6E6}.Release|Any CPU.Build.0 = Release|Any CPU
		{46A7AB18-5784-46A0-89C6-DFBCCE3AE6E6}.Release|ARM.ActiveCfg = Release|Any CPU
		{46A7AB18-5784-46A0-89C6-DFBCCE3AE6E6}.Release|ARM.Build.0 = Release|Any CPU
		{46A7AB18-5784-46A0-89C6-DFBCCE3AE6E6}.Release|x64.ActiveCfg = Release|Any CPU
		{46A7AB18-5784-46A0-89C6-DFBCCE3AE6E6}.Release|x64.Build.0 = Release|Any CPU
		{46A7AB18-5784-46A0-89C6-DFBCCE3AE6E6}.Release|x86.ActiveCfg = Release|Any CPU
		{46A7AB18-5784-46A0-89C6-DFBCCE3AE6E6}.Release|x86.Build.0 = Release|Any CPU
		{D560D552-B2F9-4EF9-9EF6-835FEB9BA3ED}.Debug|Any CPU.ActiveCfg = Debug|Any CPU
		{D560D552-B2F9-4EF9-9EF6-835FEB9BA3ED}.Debug|Any CPU.Build.0 = Debug|Any CPU
		{D560D552-B2F9-4EF9-9EF6-835FEB9BA3ED}.Debug|ARM.ActiveCfg = Debug|Any CPU
		{D560D552-B2F9-4EF9-9EF6-835FEB9BA3ED}.Debug|ARM.Build.0 = Debug|Any CPU
		{D560D552-B2F9-4EF9-9EF6-835FEB9BA3ED}.Debug|x64.ActiveCfg = Debug|Any CPU
		{D560D552-B2F9-4EF9-9EF6-835FEB9BA3ED}.Debug|x64.Build.0 = Debug|Any CPU
		{D560D552-B2F9-4EF9-9EF6-835FEB9BA3ED}.Debug|x86.ActiveCfg = Debug|Any CPU
		{D560D552-B2F9-4EF9-9EF6-835FEB9BA3ED}.Debug|x86.Build.0 = Debug|Any CPU
		{D560D552-B2F9-4EF9-9EF6-835FEB9BA3ED}.Release|Any CPU.ActiveCfg = Release|Any CPU
		{D560D552-B2F9-4EF9-9EF6-835FEB9BA3ED}.Release|Any CPU.Build.0 = Release|Any CPU
		{D560D552-B2F9-4EF9-9EF6-835FEB9BA3ED}.Release|ARM.ActiveCfg = Release|Any CPU
		{D560D552-B2F9-4EF9-9EF6-835FEB9BA3ED}.Release|ARM.Build.0 = Release|Any CPU
		{D560D552-B2F9-4EF9-9EF6-835FEB9BA3ED}.Release|x64.ActiveCfg = Release|Any CPU
		{D560D552-B2F9-4EF9-9EF6-835FEB9BA3ED}.Release|x64.Build.0 = Release|Any CPU
		{D560D552-B2F9-4EF9-9EF6-835FEB9BA3ED}.Release|x86.ActiveCfg = Release|Any CPU
		{D560D552-B2F9-4EF9-9EF6-835FEB9BA3ED}.Release|x86.Build.0 = Release|Any CPU
		{6BE9CE52-6453-4C6A-A42D-651AB811665A}.Debug|Any CPU.ActiveCfg = Debug|Any CPU
		{6BE9CE52-6453-4C6A-A42D-651AB811665A}.Debug|Any CPU.Build.0 = Debug|Any CPU
		{6BE9CE52-6453-4C6A-A42D-651AB811665A}.Debug|ARM.ActiveCfg = Debug|Any CPU
		{6BE9CE52-6453-4C6A-A42D-651AB811665A}.Debug|ARM.Build.0 = Debug|Any CPU
		{6BE9CE52-6453-4C6A-A42D-651AB811665A}.Debug|x64.ActiveCfg = Debug|Any CPU
		{6BE9CE52-6453-4C6A-A42D-651AB811665A}.Debug|x64.Build.0 = Debug|Any CPU
		{6BE9CE52-6453-4C6A-A42D-651AB811665A}.Debug|x86.ActiveCfg = Debug|Any CPU
		{6BE9CE52-6453-4C6A-A42D-651AB811665A}.Debug|x86.Build.0 = Debug|Any CPU
		{6BE9CE52-6453-4C6A-A42D-651AB811665A}.Release|Any CPU.ActiveCfg = Release|Any CPU
		{6BE9CE52-6453-4C6A-A42D-651AB811665A}.Release|Any CPU.Build.0 = Release|Any CPU
		{6BE9CE52-6453-4C6A-A42D-651AB811665A}.Release|ARM.ActiveCfg = Release|Any CPU
		{6BE9CE52-6453-4C6A-A42D-651AB811665A}.Release|ARM.Build.0 = Release|Any CPU
		{6BE9CE52-6453-4C6A-A42D-651AB811665A}.Release|x64.ActiveCfg = Release|Any CPU
		{6BE9CE52-6453-4C6A-A42D-651AB811665A}.Release|x64.Build.0 = Release|Any CPU
		{6BE9CE52-6453-4C6A-A42D-651AB811665A}.Release|x86.ActiveCfg = Release|Any CPU
		{6BE9CE52-6453-4C6A-A42D-651AB811665A}.Release|x86.Build.0 = Release|Any CPU
		{7B6A22CA-0021-4650-AA13-490153BE4F61}.Debug|Any CPU.ActiveCfg = Debug|Any CPU
		{7B6A22CA-0021-4650-AA13-490153BE4F61}.Debug|Any CPU.Build.0 = Debug|Any CPU
		{7B6A22CA-0021-4650-AA13-490153BE4F61}.Debug|ARM.ActiveCfg = Debug|Any CPU
		{7B6A22CA-0021-4650-AA13-490153BE4F61}.Debug|ARM.Build.0 = Debug|Any CPU
		{7B6A22CA-0021-4650-AA13-490153BE4F61}.Debug|x64.ActiveCfg = Debug|Any CPU
		{7B6A22CA-0021-4650-AA13-490153BE4F61}.Debug|x64.Build.0 = Debug|Any CPU
		{7B6A22CA-0021-4650-AA13-490153BE4F61}.Debug|x86.ActiveCfg = Debug|Any CPU
		{7B6A22CA-0021-4650-AA13-490153BE4F61}.Debug|x86.Build.0 = Debug|Any CPU
		{7B6A22CA-0021-4650-AA13-490153BE4F61}.Release|Any CPU.ActiveCfg = Release|Any CPU
		{7B6A22CA-0021-4650-AA13-490153BE4F61}.Release|Any CPU.Build.0 = Release|Any CPU
		{7B6A22CA-0021-4650-AA13-490153BE4F61}.Release|ARM.ActiveCfg = Release|Any CPU
		{7B6A22CA-0021-4650-AA13-490153BE4F61}.Release|ARM.Build.0 = Release|Any CPU
		{7B6A22CA-0021-4650-AA13-490153BE4F61}.Release|x64.ActiveCfg = Release|Any CPU
		{7B6A22CA-0021-4650-AA13-490153BE4F61}.Release|x64.Build.0 = Release|Any CPU
		{7B6A22CA-0021-4650-AA13-490153BE4F61}.Release|x86.ActiveCfg = Release|Any CPU
		{7B6A22CA-0021-4650-AA13-490153BE4F61}.Release|x86.Build.0 = Release|Any CPU
		{C71C8F9E-33B5-4E72-B202-74A58BE6C4BD}.Debug|Any CPU.ActiveCfg = Debug|Any CPU
		{C71C8F9E-33B5-4E72-B202-74A58BE6C4BD}.Debug|Any CPU.Build.0 = Debug|Any CPU
		{C71C8F9E-33B5-4E72-B202-74A58BE6C4BD}.Debug|ARM.ActiveCfg = Debug|Any CPU
		{C71C8F9E-33B5-4E72-B202-74A58BE6C4BD}.Debug|ARM.Build.0 = Debug|Any CPU
		{C71C8F9E-33B5-4E72-B202-74A58BE6C4BD}.Debug|x64.ActiveCfg = Debug|Any CPU
		{C71C8F9E-33B5-4E72-B202-74A58BE6C4BD}.Debug|x64.Build.0 = Debug|Any CPU
		{C71C8F9E-33B5-4E72-B202-74A58BE6C4BD}.Debug|x86.ActiveCfg = Debug|Any CPU
		{C71C8F9E-33B5-4E72-B202-74A58BE6C4BD}.Debug|x86.Build.0 = Debug|Any CPU
		{C71C8F9E-33B5-4E72-B202-74A58BE6C4BD}.Release|Any CPU.ActiveCfg = Release|Any CPU
		{C71C8F9E-33B5-4E72-B202-74A58BE6C4BD}.Release|Any CPU.Build.0 = Release|Any CPU
		{C71C8F9E-33B5-4E72-B202-74A58BE6C4BD}.Release|ARM.ActiveCfg = Release|Any CPU
		{C71C8F9E-33B5-4E72-B202-74A58BE6C4BD}.Release|ARM.Build.0 = Release|Any CPU
		{C71C8F9E-33B5-4E72-B202-74A58BE6C4BD}.Release|x64.ActiveCfg = Release|Any CPU
		{C71C8F9E-33B5-4E72-B202-74A58BE6C4BD}.Release|x64.Build.0 = Release|Any CPU
		{C71C8F9E-33B5-4E72-B202-74A58BE6C4BD}.Release|x86.ActiveCfg = Release|Any CPU
		{C71C8F9E-33B5-4E72-B202-74A58BE6C4BD}.Release|x86.Build.0 = Release|Any CPU
		{A7FB9BA5-9591-4A40-B0F6-3E7B62137D2A}.Debug|Any CPU.ActiveCfg = Debug|Any CPU
		{A7FB9BA5-9591-4A40-B0F6-3E7B62137D2A}.Debug|Any CPU.Build.0 = Debug|Any CPU
		{A7FB9BA5-9591-4A40-B0F6-3E7B62137D2A}.Debug|ARM.ActiveCfg = Debug|Any CPU
		{A7FB9BA5-9591-4A40-B0F6-3E7B62137D2A}.Debug|ARM.Build.0 = Debug|Any CPU
		{A7FB9BA5-9591-4A40-B0F6-3E7B62137D2A}.Debug|x64.ActiveCfg = Debug|Any CPU
		{A7FB9BA5-9591-4A40-B0F6-3E7B62137D2A}.Debug|x64.Build.0 = Debug|Any CPU
		{A7FB9BA5-9591-4A40-B0F6-3E7B62137D2A}.Debug|x86.ActiveCfg = Debug|Any CPU
		{A7FB9BA5-9591-4A40-B0F6-3E7B62137D2A}.Debug|x86.Build.0 = Debug|Any CPU
		{A7FB9BA5-9591-4A40-B0F6-3E7B62137D2A}.Release|Any CPU.ActiveCfg = Release|Any CPU
		{A7FB9BA5-9591-4A40-B0F6-3E7B62137D2A}.Release|Any CPU.Build.0 = Release|Any CPU
		{A7FB9BA5-9591-4A40-B0F6-3E7B62137D2A}.Release|ARM.ActiveCfg = Release|Any CPU
		{A7FB9BA5-9591-4A40-B0F6-3E7B62137D2A}.Release|ARM.Build.0 = Release|Any CPU
		{A7FB9BA5-9591-4A40-B0F6-3E7B62137D2A}.Release|x64.ActiveCfg = Release|Any CPU
		{A7FB9BA5-9591-4A40-B0F6-3E7B62137D2A}.Release|x64.Build.0 = Release|Any CPU
		{A7FB9BA5-9591-4A40-B0F6-3E7B62137D2A}.Release|x86.ActiveCfg = Release|Any CPU
		{A7FB9BA5-9591-4A40-B0F6-3E7B62137D2A}.Release|x86.Build.0 = Release|Any CPU
		{349EED11-5DD9-4E95-8315-AA142CF74A14}.Debug|Any CPU.ActiveCfg = Debug|Any CPU
		{349EED11-5DD9-4E95-8315-AA142CF74A14}.Debug|Any CPU.Build.0 = Debug|Any CPU
		{349EED11-5DD9-4E95-8315-AA142CF74A14}.Debug|ARM.ActiveCfg = Debug|Any CPU
		{349EED11-5DD9-4E95-8315-AA142CF74A14}.Debug|ARM.Build.0 = Debug|Any CPU
		{349EED11-5DD9-4E95-8315-AA142CF74A14}.Debug|x64.ActiveCfg = Debug|Any CPU
		{349EED11-5DD9-4E95-8315-AA142CF74A14}.Debug|x64.Build.0 = Debug|Any CPU
		{349EED11-5DD9-4E95-8315-AA142CF74A14}.Debug|x86.ActiveCfg = Debug|Any CPU
		{349EED11-5DD9-4E95-8315-AA142CF74A14}.Debug|x86.Build.0 = Debug|Any CPU
		{349EED11-5DD9-4E95-8315-AA142CF74A14}.Release|Any CPU.ActiveCfg = Release|Any CPU
		{349EED11-5DD9-4E95-8315-AA142CF74A14}.Release|Any CPU.Build.0 = Release|Any CPU
		{349EED11-5DD9-4E95-8315-AA142CF74A14}.Release|ARM.ActiveCfg = Release|Any CPU
		{349EED11-5DD9-4E95-8315-AA142CF74A14}.Release|ARM.Build.0 = Release|Any CPU
		{349EED11-5DD9-4E95-8315-AA142CF74A14}.Release|x64.ActiveCfg = Release|Any CPU
		{349EED11-5DD9-4E95-8315-AA142CF74A14}.Release|x64.Build.0 = Release|Any CPU
		{349EED11-5DD9-4E95-8315-AA142CF74A14}.Release|x86.ActiveCfg = Release|Any CPU
		{349EED11-5DD9-4E95-8315-AA142CF74A14}.Release|x86.Build.0 = Release|Any CPU
		{71799D72-F01C-40FB-A0BA-76432AB06174}.Debug|Any CPU.ActiveCfg = Debug|Any CPU
		{71799D72-F01C-40FB-A0BA-76432AB06174}.Debug|Any CPU.Build.0 = Debug|Any CPU
		{71799D72-F01C-40FB-A0BA-76432AB06174}.Debug|ARM.ActiveCfg = Debug|Any CPU
		{71799D72-F01C-40FB-A0BA-76432AB06174}.Debug|ARM.Build.0 = Debug|Any CPU
		{71799D72-F01C-40FB-A0BA-76432AB06174}.Debug|x64.ActiveCfg = Debug|Any CPU
		{71799D72-F01C-40FB-A0BA-76432AB06174}.Debug|x64.Build.0 = Debug|Any CPU
		{71799D72-F01C-40FB-A0BA-76432AB06174}.Debug|x86.ActiveCfg = Debug|Any CPU
		{71799D72-F01C-40FB-A0BA-76432AB06174}.Debug|x86.Build.0 = Debug|Any CPU
		{71799D72-F01C-40FB-A0BA-76432AB06174}.Release|Any CPU.ActiveCfg = Release|Any CPU
		{71799D72-F01C-40FB-A0BA-76432AB06174}.Release|Any CPU.Build.0 = Release|Any CPU
		{71799D72-F01C-40FB-A0BA-76432AB06174}.Release|ARM.ActiveCfg = Release|Any CPU
		{71799D72-F01C-40FB-A0BA-76432AB06174}.Release|ARM.Build.0 = Release|Any CPU
		{71799D72-F01C-40FB-A0BA-76432AB06174}.Release|x64.ActiveCfg = Release|Any CPU
		{71799D72-F01C-40FB-A0BA-76432AB06174}.Release|x64.Build.0 = Release|Any CPU
		{71799D72-F01C-40FB-A0BA-76432AB06174}.Release|x86.ActiveCfg = Release|Any CPU
		{71799D72-F01C-40FB-A0BA-76432AB06174}.Release|x86.Build.0 = Release|Any CPU
	EndGlobalSection
	GlobalSection(SolutionProperties) = preSolution
		HideSolutionNode = FALSE
	EndGlobalSection
	GlobalSection(NestedProjects) = preSolution
		{C71C8F9E-33B5-4E72-B202-74A58BE6C4BD} = {329024E3-75C9-4731-BE6D-5314888E232B}
	EndGlobalSection
	GlobalSection(ExtensibilityGlobals) = postSolution
		SolutionGuid = {0660B28D-379D-4936-A426-8CDCCCC8D677}
	EndGlobalSection
EndGlobal
